
Microsoft Visual Studio Solution File, Format Version 12.00
# Visual Studio Version 17
VisualStudioVersion = 17.0.31903.59
MinimumVisualStudioVersion = 10.0.40219.1
Project("{FAE04EC0-301F-11D3-BF4B-00C04F79EFBC}") = "ExpenseManager.Contracts", "ExpenseManager.Contracts\ExpenseManager.Contracts.csproj", "{7EAFD50F-6F42-4EA6-A9D2-F9EFB01132DD}"
EndProject
Project("{FAE04EC0-301F-11D3-BF4B-00C04F79EFBC}") = "ExpenseManager.Domain", "ExpenseManager.Domain\ExpenseManager.Domain.csproj", "{7FCE7296-1A43-425A-BB9E-77510DB66C9F}"
EndProject
Project("{FAE04EC0-301F-11D3-BF4B-00C04F79EFBC}") = "ExpenseManager.Api", "ExpenseManager.Api\ExpenseManager.Api.csproj", "{4738196F-6FE6-4BDD-A309-7B97B55234F3}"
EndProject
Project("{FAE04EC0-301F-11D3-BF4B-00C04F79EFBC}") = "ExpenseManager.Infrastructure", "ExpenseManager.Infrastructure\ExpenseManager.Infrastructure.csproj", "{4BF6B066-8A8D-4751-A08A-4D470D2EC170}"
EndProject
Project("{FAE04EC0-301F-11D3-BF4B-00C04F79EFBC}") = "ExpenseManager.Application", "ExpenseManager.Application\ExpenseManager.Application.csproj", "{04BC4BF6-411B-40D5-924D-516D693E31C7}"
EndProject
Global
	GlobalSection(SolutionConfigurationPlatforms) = preSolution
		Debug|Any CPU = Debug|Any CPU
		Release|Any CPU = Release|Any CPU
	EndGlobalSection
	GlobalSection(SolutionProperties) = preSolution
		HideSolutionNode = FALSE
	EndGlobalSection
	GlobalSection(ProjectConfigurationPlatforms) = postSolution
		{7EAFD50F-6F42-4EA6-A9D2-F9EFB01132DD}.Debug|Any CPU.ActiveCfg = Debug|Any CPU
		{7EAFD50F-6F42-4EA6-A9D2-F9EFB01132DD}.Debug|Any CPU.Build.0 = Debug|Any CPU
		{7EAFD50F-6F42-4EA6-A9D2-F9EFB01132DD}.Release|Any CPU.ActiveCfg = Release|Any CPU
		{7EAFD50F-6F42-4EA6-A9D2-F9EFB01132DD}.Release|Any CPU.Build.0 = Release|Any CPU
		{7FCE7296-1A43-425A-BB9E-77510DB66C9F}.Debug|Any CPU.ActiveCfg = Debug|Any CPU
		{7FCE7296-1A43-425A-BB9E-77510DB66C9F}.Debug|Any CPU.Build.0 = Debug|Any CPU
		{7FCE7296-1A43-425A-BB9E-77510DB66C9F}.Release|Any CPU.ActiveCfg = Release|Any CPU
		{7FCE7296-1A43-425A-BB9E-77510DB66C9F}.Release|Any CPU.Build.0 = Release|Any CPU
		{4738196F-6FE6-4BDD-A309-7B97B55234F3}.Debug|Any CPU.ActiveCfg = Debug|Any CPU
		{4738196F-6FE6-4BDD-A309-7B97B55234F3}.Debug|Any CPU.Build.0 = Debug|Any CPU
		{4738196F-6FE6-4BDD-A309-7B97B55234F3}.Release|Any CPU.ActiveCfg = Release|Any CPU
		{4738196F-6FE6-4BDD-A309-7B97B55234F3}.Release|Any CPU.Build.0 = Release|Any CPU
		{4BF6B066-8A8D-4751-A08A-4D470D2EC170}.Debug|Any CPU.ActiveCfg = Debug|Any CPU
		{4BF6B066-8A8D-4751-A08A-4D470D2EC170}.Debug|Any CPU.Build.0 = Debug|Any CPU
		{4BF6B066-8A8D-4751-A08A-4D470D2EC170}.Release|Any CPU.ActiveCfg = Release|Any CPU
		{4BF6B066-8A8D-4751-A08A-4D470D2EC170}.Release|Any CPU.Build.0 = Release|Any CPU
		{04BC4BF6-411B-40D5-924D-516D693E31C7}.Debug|Any CPU.ActiveCfg = Debug|Any CPU
		{04BC4BF6-411B-40D5-924D-516D693E31C7}.Debug|Any CPU.Build.0 = Debug|Any CPU
		{04BC4BF6-411B-40D5-924D-516D693E31C7}.Release|Any CPU.ActiveCfg = Release|Any CPU
		{04BC4BF6-411B-40D5-924D-516D693E31C7}.Release|Any CPU.Build.0 = Release|Any CPU
	EndGlobalSection
EndGlobal
